
Microsoft Visual Studio Solution File, Format Version 12.00
# Visual Studio Version 17
VisualStudioVersion = 17.6.33815.320
MinimumVisualStudioVersion = 10.0.40219.1
Project("{FAE04EC0-301F-11D3-BF4B-00C04F79EFBC}") = "Land listing.Android", "Land listing\Land listing.Android\Land listing.Android.csproj", "{3CA77E59-DCEA-465B-B4BE-55416D0722F5}"
EndProject
Project("{FAE04EC0-301F-11D3-BF4B-00C04F79EFBC}") = "Land listing", "Land listing\Land listing\Land listing.csproj", "{9DCC3302-667B-4F01-8620-A46D413B883C}"
EndProject
Global
	GlobalSection(SolutionConfigurationPlatforms) = preSolution
		Debug|Any CPU = Debug|Any CPU
		Release|Any CPU = Release|Any CPU
	EndGlobalSection
	GlobalSection(ProjectConfigurationPlatforms) = postSolution
		{3CA77E59-DCEA-465B-B4BE-55416D0722F5}.Debug|Any CPU.ActiveCfg = Debug|Any CPU
		{3CA77E59-DCEA-465B-B4BE-55416D0722F5}.Debug|Any CPU.Build.0 = Debug|Any CPU
		{3CA77E59-DCEA-465B-B4BE-55416D0722F5}.Debug|Any CPU.Deploy.0 = Debug|Any CPU
		{3CA77E59-DCEA-465B-B4BE-55416D0722F5}.Release|Any CPU.ActiveCfg = Release|Any CPU
		{3CA77E59-DCEA-465B-B4BE-55416D0722F5}.Release|Any CPU.Build.0 = Release|Any CPU
		{3CA77E59-DCEA-465B-B4BE-55416D0722F5}.Release|Any CPU.Deploy.0 = Release|Any CPU
		{9DCC3302-667B-4F01-8620-A46D413B883C}.Debug|Any CPU.ActiveCfg = Debug|Any CPU
		{9DCC3302-667B-4F01-8620-A46D413B883C}.Debug|Any CPU.Build.0 = Debug|Any CPU
		{9DCC3302-667B-4F01-8620-A46D413B883C}.Debug|Any CPU.Deploy.0 = Debug|Any CPU
		{9DCC3302-667B-4F01-8620-A46D413B883C}.Release|Any CPU.ActiveCfg = Release|Any CPU
		{9DCC3302-667B-4F01-8620-A46D413B883C}.Release|Any CPU.Build.0 = Release|Any CPU
		{9DCC3302-667B-4F01-8620-A46D413B883C}.Release|Any CPU.Deploy.0 = Release|Any CPU
	EndGlobalSection
	GlobalSection(SolutionProperties) = preSolution
		HideSolutionNode = FALSE
	EndGlobalSection
	GlobalSection(ExtensibilityGlobals) = postSolution
		SolutionGuid = {CEB08CC9-A70C-4719-8894-820F42820EA8}
	EndGlobalSection
EndGlobal
